{
  "name": "photon_angled_light",
  "version": "1.0.0",
  "lockfileVersion": 1,
  "requires": true,
  "dependencies": {
    "color-util": {
      "version": "2.2.1",
      "resolved": "https://registry.npmjs.org/color-util/-/color-util-2.2.1.tgz",
      "integrity": "sha512-phLNvu/wGwBMjMCc5HtHSjqFCDMLPj29nHsSuPu8W2JVq4sZ6FBLhkdImIk58b0NweqTD5AxUZGLSTpFwbvVfw=="
    }
  }
}
